<?xml version="1.0" encoding="utf-8"?>
<Project ToolsVersion="4.0" xmlns="http://schemas.microsoft.com/developer/msbuild/2003">
  <ItemGroup>
    <Filter Include="Source Files">
      <UniqueIdentifier>{4FC737F1-C7A5-4376-A066-2A32D752A2FF}</UniqueIdentifier>
      <Extensions>cpp;c;cc;cxx;def;odl;idl;hpj;bat;asm;asmx</Extensions>
    </Filter>
    <Filter Include="Header Files">
      <UniqueIdentifier>{93995380-89BD-4b04-88EB-625FBE52EBFB}</UniqueIdentifier>
      <Extensions>h;hh;hpp;hxx;hm;inl;inc;xsd</Extensions>
    </Filter>
    <Filter Include="Resource Files">
      <UniqueIdentifier>{67DA6AB6-F800-4c08-8B7A-83BB121AAD01}</UniqueIdentifier>
      <Extensions>rc;ico;cur;bmp;dlg;rc2;rct;bin;rgs;gif;jpg;jpeg;jpe;resx;tiff;tif;png;wav;mfcribbon-ms</Extensions>
    </Filter>
    <Filter Include="Header Files\Camera">
      <UniqueIdentifier>{44c7bef6-dbae-4cbc-bba6-67d32546ef81}</UniqueIdentifier>
    </Filter>
    <Filter Include="Header Files\Static Objects">
      <UniqueIdentifier>{c4e72c28-d440-4136-a3f2-8636808c5a7b}</UniqueIdentifier>
    </Filter>
    <Filter Include="Header Files\Dynamic Objects">
      <UniqueIdentifier>{369cbca0-4d33-4eef-bbdf-57cd6b60402c}</UniqueIdentifier>
    </Filter>
    <Filter Include="Header Files\Dynamic Objects\Playbale Objects">
      <UniqueIdentifier>{f4a19d39-d738-4f2f-95a3-52ea4344d07c}</UniqueIdentifier>
    </Filter>
    <Filter Include="Header Files\High Lvl Classes">
      <UniqueIdentifier>{49abfbfc-273f-43f6-98aa-bd09275c5fba}</UniqueIdentifier>
    </Filter>
    <Filter Include="Header Files\Dynamic Objects\Non-Playable Objects">
      <UniqueIdentifier>{0b979f27-f449-4f6e-b7b3-38cd53074ebb}</UniqueIdentifier>
    </Filter>
    <Filter Include="Header Files\Light Sources">
      <UniqueIdentifier>{44ec56dd-28b3-42a4-8013-5bae56569d77}</UniqueIdentifier>
    </Filter>
  </ItemGroup>
  <ItemGroup>
    <ClCompile Include="Main.cpp">
      <Filter>Source Files</Filter>
    </ClCompile>
  </ItemGroup>
  <ItemGroup>
    <ClInclude Include="Bus.h">
      <Filter>Header Files\Dynamic Objects\Non-Playable Objects</Filter>
    </ClInclude>
    <ClInclude Include="Car.h">
      <Filter>Header Files\Dynamic Objects\Non-Playable Objects</Filter>
    </ClInclude>
    <ClInclude Include="Frog.h">
      <Filter>Header Files\Dynamic Objects\Playbale Objects</Filter>
    </ClInclude>
    <ClInclude Include="River.h">
      <Filter>Header Files\Static Objects</Filter>
    </ClInclude>
    <ClInclude Include="Roadside.h">
      <Filter>Header Files\Static Objects</Filter>
    </ClInclude>
    <ClInclude Include="Road.h">
      <Filter>Header Files\Static Objects</Filter>
    </ClInclude>
    <ClInclude Include="Timberlog.h">
      <Filter>Header Files\Dynamic Objects\Non-Playable Objects</Filter>
    </ClInclude>
    <ClInclude Include="Turtle.h">
      <Filter>Header Files\Dynamic Objects\Non-Playable Objects</Filter>
    </ClInclude>
    <ClInclude Include="StaticObject.h">
      <Filter>Header Files\Static Objects</Filter>
    </ClInclude>
    <ClInclude Include="DynamicObject.h">
      <Filter>Header Files\Dynamic Objects</Filter>
    </ClInclude>
    <ClInclude Include="Camera.h">
      <Filter>Header Files\Camera</Filter>
    </ClInclude>
    <ClInclude Include="Entity.h">
      <Filter>Header Files\High Lvl Classes</Filter>
    </ClInclude>
    <ClInclude Include="GameManager.h">
      <Filter>Header Files\High Lvl Classes</Filter>
    </ClInclude>
    <ClInclude Include="GameObject.h">
      <Filter>Header Files\High Lvl Classes</Filter>
    </ClInclude>
    <ClInclude Include="Riverside.h">
      <Filter>Header Files\Static Objects</Filter>
    </ClInclude>
    <ClInclude Include="Vector3.h">
      <Filter>Header Files\High Lvl Classes</Filter>
    </ClInclude>
    <ClInclude Include="PerspectiveCamera.h">
      <Filter>Header Files\Camera</Filter>
    </ClInclude>
    <ClInclude Include="OrthogonalCamera.h">
      <Filter>Header Files\Camera</Filter>
    </ClInclude>
    <ClInclude Include="LightSource.h">
      <Filter>Header Files\Light Sources</Filter>
    </ClInclude>
    <ClInclude Include="Vector4.h">
      <Filter>Header Files\High Lvl Classes</Filter>
    </ClInclude>
    <ClInclude Include="BlackWall.h">
      <Filter>Header Files\Static Objects</Filter>
    </ClInclude>
    <ClInclude Include="resource.h">
      <Filter>Header Files</Filter>
    </ClInclude>
    <ClInclude Include="Box.h">
      <Filter>Header Files\High Lvl Classes</Filter>
    </ClInclude>
    <ClInclude Include="DeathWindow.h">
      <Filter>Header Files\Static Objects</Filter>
    </ClInclude>
    <ClInclude Include="PauseWindow.h">
      <Filter>Header Files\Static Objects</Filter>
    </ClInclude>
    <ClInclude Include="VictoryWindow.h">
      <Filter>Header Files\Static Objects</Filter>
    </ClInclude>
  </ItemGroup>
  <ItemGroup>
    <ResourceCompile Include="CG1.rc">
      <Filter>Resource Files</Filter>
    </ResourceCompile>
  </ItemGroup>
</Project>